
Microsoft Visual Studio Solution File, Format Version 12.00
# Visual Studio Version 17
VisualStudioVersion = 17.9.34728.123
MinimumVisualStudioVersion = 10.0.40219.1
Project("{9A19103F-16F7-4668-BE54-9A1E7A4F7556}") = "ej_while_1", "ej_while_1\ej_while_1.csproj", "{48BD4A62-9012-4A2A-83E4-B908FC2B4E7A}"
EndProject
Project("{9A19103F-16F7-4668-BE54-9A1E7A4F7556}") = "IntegradorFunciones", "IntegradorFunciones\IntegradorFunciones.csproj", "{A94D4908-992B-4589-8F2D-1681CEFA2F85}"
EndProject
Project("{9A19103F-16F7-4668-BE54-9A1E7A4F7556}") = "PartesComputador", "PartesComputador\PartesComputador.csproj", "{C73E0F37-167D-4796-ACD3-A31DACB6A266}"
EndProject
Project("{9A19103F-16F7-4668-BE54-9A1E7A4F7556}") = "EnsambladorPc", "EnsambladorPc\EnsambladorPc.csproj", "{EF814835-4C87-4ABA-A052-83826A756156}"
EndProject
Project("{FAE04EC0-301F-11D3-BF4B-00C04F79EFBC}") = "MonitorSensoresAmbientales", "MonitorSensoresAmbientales\MonitorSensoresAmbientales.csproj", "{24F1129E-8F38-49E8-8DB8-D9CAB289E3DC}"
EndProject
Project("{FAE04EC0-301F-11D3-BF4B-00C04F79EFBC}") = "ConsolaMonitorSensoresAmbientales", "ConsolaMonitorSensoresAmbientales\ConsolaMonitorSensoresAmbientales.csproj", "{78F11FF0-A19D-480C-8A45-C184EDF6E533}"
EndProject
Global
	GlobalSection(SolutionConfigurationPlatforms) = preSolution
		Debug|Any CPU = Debug|Any CPU
		Release|Any CPU = Release|Any CPU
	EndGlobalSection
	GlobalSection(ProjectConfigurationPlatforms) = postSolution
		{48BD4A62-9012-4A2A-83E4-B908FC2B4E7A}.Debug|Any CPU.ActiveCfg = Debug|Any CPU
		{48BD4A62-9012-4A2A-83E4-B908FC2B4E7A}.Debug|Any CPU.Build.0 = Debug|Any CPU
		{48BD4A62-9012-4A2A-83E4-B908FC2B4E7A}.Release|Any CPU.ActiveCfg = Release|Any CPU
		{48BD4A62-9012-4A2A-83E4-B908FC2B4E7A}.Release|Any CPU.Build.0 = Release|Any CPU
		{A94D4908-992B-4589-8F2D-1681CEFA2F85}.Debug|Any CPU.ActiveCfg = Debug|Any CPU
		{A94D4908-992B-4589-8F2D-1681CEFA2F85}.Debug|Any CPU.Build.0 = Debug|Any CPU
		{A94D4908-992B-4589-8F2D-1681CEFA2F85}.Release|Any CPU.ActiveCfg = Release|Any CPU
		{A94D4908-992B-4589-8F2D-1681CEFA2F85}.Release|Any CPU.Build.0 = Release|Any CPU
		{C73E0F37-167D-4796-ACD3-A31DACB6A266}.Debug|Any CPU.ActiveCfg = Debug|Any CPU
		{C73E0F37-167D-4796-ACD3-A31DACB6A266}.Debug|Any CPU.Build.0 = Debug|Any CPU
		{C73E0F37-167D-4796-ACD3-A31DACB6A266}.Release|Any CPU.ActiveCfg = Release|Any CPU
		{C73E0F37-167D-4796-ACD3-A31DACB6A266}.Release|Any CPU.Build.0 = Release|Any CPU
		{EF814835-4C87-4ABA-A052-83826A756156}.Debug|Any CPU.ActiveCfg = Debug|Any CPU
		{EF814835-4C87-4ABA-A052-83826A756156}.Debug|Any CPU.Build.0 = Debug|Any CPU
		{EF814835-4C87-4ABA-A052-83826A756156}.Release|Any CPU.ActiveCfg = Release|Any CPU
		{EF814835-4C87-4ABA-A052-83826A756156}.Release|Any CPU.Build.0 = Release|Any CPU
		{24F1129E-8F38-49E8-8DB8-D9CAB289E3DC}.Debug|Any CPU.ActiveCfg = Debug|Any CPU
		{24F1129E-8F38-49E8-8DB8-D9CAB289E3DC}.Debug|Any CPU.Build.0 = Debug|Any CPU
		{24F1129E-8F38-49E8-8DB8-D9CAB289E3DC}.Release|Any CPU.ActiveCfg = Release|Any CPU
		{24F1129E-8F38-49E8-8DB8-D9CAB289E3DC}.Release|Any CPU.Build.0 = Release|Any CPU
		{78F11FF0-A19D-480C-8A45-C184EDF6E533}.Debug|Any CPU.ActiveCfg = Debug|Any CPU
		{78F11FF0-A19D-480C-8A45-C184EDF6E533}.Debug|Any CPU.Build.0 = Debug|Any CPU
		{78F11FF0-A19D-480C-8A45-C184EDF6E533}.Release|Any CPU.ActiveCfg = Release|Any CPU
		{78F11FF0-A19D-480C-8A45-C184EDF6E533}.Release|Any CPU.Build.0 = Release|Any CPU
	EndGlobalSection
	GlobalSection(SolutionProperties) = preSolution
		HideSolutionNode = FALSE
	EndGlobalSection
	GlobalSection(ExtensibilityGlobals) = postSolution
		SolutionGuid = {E82FD7FB-B16E-4CE3-A424-273ECE89EF7E}
	EndGlobalSection
EndGlobal
